[[package]]
name = "pyobjc-core"
version = "8.5"
description = "Python<->ObjC Interoperability Module"
category = "main"
optional = false
python-versions = ">=3.6"

[[package]]
name = "pyobjc-framework-cocoa"
version = "8.4.1"
description = "Wrappers for the Cocoa frameworks on macOS"
category = "main"
optional = false
python-versions = ">=3.6"

[package.dependencies]
pyobjc-core = ">=8.4.1"

[metadata]
lock-version = "1.1"
python-versions = "^3.9"
content-hash = "9f999bfec93c726195b7aa5cd6c53cf5f0d4c04ec9355fe1307881f66afa7801"

[metadata.files]
pyobjc-core = [
    {file = "pyobjc-core-8.5.tar.gz", hash = "sha256:704c275439856c0d1287469f0d589a7d808d48b754a93d9ce5415d4eaf06d576"},
    {file = "pyobjc_core-8.5-cp310-cp310-macosx_10_9_universal2.whl", hash = "sha256:0c234143b48334443f5adcf26e668945a6d47bc1fa6223e80918c6c735a029d9"},
    {file = "pyobjc_core-8.5-cp36-cp36m-macosx_10_9_x86_64.whl", hash = "sha256:1486ee533f0d76f666804ce89723ada4db56bfde55e56151ba512d3f849857f8"},
    {file = "pyobjc_core-8.5-cp37-cp37m-macosx_10_9_x86_64.whl", hash = "sha256:412de06dfa728301c04b3e46fd7453320a8ae8b862e85236e547cd797a73b490"},
    {file = "pyobjc_core-8.5-cp38-cp38-macosx_10_9_x86_64.whl", hash = "sha256:0b3e09cccb1be574a82cc9f929ae27fc4283eccc75496cb5d51534caa6bb83a3"},
    {file = "pyobjc_core-8.5-cp38-cp38-macosx_11_0_universal2.whl", hash = "sha256:eeafe21f879666ab7f57efcc6b007c9f5f8733d367b7e380c925203ed83f000d"},
    {file = "pyobjc_core-8.5-cp39-cp39-macosx_10_9_universal2.whl", hash = "sha256:c0071686976d7ea8c14690950e504a13cb22b4ebb2bc7b5ec47c1c1c0f6eff41"},
]
pyobjc-framework-cocoa = [
    {file = "pyobjc-framework-Cocoa-8.4.1.tar.gz", hash = "sha256:dc596bac0f5d424f67944e95b2d0d7c94a07c4166359d7b4a4d4ae4f8e112822"},
    {file = "pyobjc_framework_Cocoa-8.4.1-cp310-cp310-macosx_10_9_universal2.whl", hash = "sha256:cfbe038a0108ae1b45f8f7067af70af5811b8352d2dc3d86a7bcb4484ff5d56e"},
    {file = "pyobjc_framework_Cocoa-8.4.1-cp36-cp36m-macosx_10_9_x86_64.whl", hash = "sha256:118225562064d991bafb41d0913899d6b3d723984d1888cb7181e4dba63b22c2"},
    {file = "pyobjc_framework_Cocoa-8.4.1-cp37-cp37m-macosx_10_9_x86_64.whl", hash = "sha256:d117a1eb24fd317e9f63792ac6a8703ed899de5d42e8a861c7bf885625668c31"},
    {file = "pyobjc_framework_Cocoa-8.4.1-cp38-cp38-macosx_10_9_x86_64.whl", hash = "sha256:3af8577acbd6b980d3b9270ec99bc0164f66ef8397351a72fcdee527f23c1a34"},
    {file = "pyobjc_framework_Cocoa-8.4.1-cp38-cp38-macosx_11_0_universal2.whl", hash = "sha256:91fdc964acb4dee4d37ae81fb603d48397739dbbfcc1eadbe0cdafaa8144b6e6"},
    {file = "pyobjc_framework_Cocoa-8.4.1-cp39-cp39-macosx_10_9_universal2.whl", hash = "sha256:197dd28668e786b55d7d4139afd85c285f780564ebbccc166e84a24be31de34f"},
]
