[[package]]
name = "pyobjc-core"
version = "8.4"
description = "Python<->ObjC Interoperability Module"
category = "main"
optional = false
python-versions = ">=3.6"

[[package]]
name = "pyobjc-framework-cocoa"
version = "8.1"
description = "Wrappers for the Cocoa frameworks on macOS"
category = "main"
optional = false
python-versions = ">=3.6"

[package.dependencies]
pyobjc-core = ">=8.1"

[metadata]
lock-version = "1.1"
python-versions = "^3.9"
content-hash = "2e0f7e2e346d07c4fa06a75c317d9c945b007f45defbf0e52d42b677ec127879"

[metadata.files]
pyobjc-core = [
    {file = "pyobjc-core-8.4.tar.gz", hash = "sha256:f257a06a051f724e88a35b6f1c1605e338783f357b03d7ba77f01eb09f642310"},
    {file = "pyobjc_core-8.4-cp310-cp310-macosx_10_9_universal2.whl", hash = "sha256:d1159a2dbf9e1e2cf886e4dab021673a77f2f62f2b1a2198498c7c75bc9357f4"},
    {file = "pyobjc_core-8.4-cp36-cp36m-macosx_10_9_x86_64.whl", hash = "sha256:d52ebcb2dc546b493fa4d1640398ac5592c6f07d79f757f02e20a86328bcacf4"},
    {file = "pyobjc_core-8.4-cp37-cp37m-macosx_10_9_x86_64.whl", hash = "sha256:6026980937035c5d44cd3ed22410a88beeb47a56f40b0b8e24a15ee0b050bad1"},
    {file = "pyobjc_core-8.4-cp38-cp38-macosx_10_9_x86_64.whl", hash = "sha256:f9c9359cf8a48c3730d58410812cedb37643de015034e0b16b6522c4375eb69b"},
    {file = "pyobjc_core-8.4-cp38-cp38-macosx_11_0_universal2.whl", hash = "sha256:168fb00f92162342ee1974d58e7a0060316d01840c01568965be133865421d2e"},
    {file = "pyobjc_core-8.4-cp39-cp39-macosx_10_9_universal2.whl", hash = "sha256:8696c6336c11e198ab374c29f8192d41c5db4f81e6988dfaaf0bfd63b860eb08"},
]
pyobjc-framework-cocoa = [
    {file = "pyobjc-framework-Cocoa-8.1.tar.gz", hash = "sha256:9de42dc3e0911d6e30cf41bb4baf9aaf2723a27053f7edbd8ad7d758cf41b81d"},
    {file = "pyobjc_framework_Cocoa-8.1-cp310-cp310-macosx_10_9_universal2.whl", hash = "sha256:b588a3ed9adcdbfafcbfa77bbd72844afb8d987a70cce7a4f3a35a9474271a11"},
    {file = "pyobjc_framework_Cocoa-8.1-cp37-cp37m-macosx_10_9_x86_64.whl", hash = "sha256:626f6d084a537b365c0786674036643695e7829ebaf7889aa9b327f3b897a800"},
    {file = "pyobjc_framework_Cocoa-8.1-cp38-cp38-macosx_10_9_x86_64.whl", hash = "sha256:8075f6cf8cac804d9ed05355c68a8a0cd3ce31a310469279c6c7e49dad47b010"},
    {file = "pyobjc_framework_Cocoa-8.1-cp38-cp38-macosx_11_0_universal2.whl", hash = "sha256:9e47a2709b8458422752efccaa89f4b52cc8e01345ec71c43c713a891f084bb6"},
    {file = "pyobjc_framework_Cocoa-8.1-cp39-cp39-macosx_10_9_universal2.whl", hash = "sha256:0b0aee74f6c32103338e3735f308052f4cc534c25762130303638aaa6d62d851"},
]
